
Microsoft Visual Studio Solution File, Format Version 12.00
# Visual Studio Version 16
VisualStudioVersion = 16.0.29709.97
MinimumVisualStudioVersion = 10.0.40219.1
Project("{FAE04EC0-301F-11D3-BF4B-00C04F79EFBC}") = "DXC", "DXC\DXC.csproj", "{81BB3922-A08B-4883-B07E-C08AA251B58B}"
EndProject
Global
	GlobalSection(SolutionConfigurationPlatforms) = preSolution
		Debug|Any CPU = Debug|Any CPU
		Release|Any CPU = Release|Any CPU
	EndGlobalSection
	GlobalSection(ProjectConfigurationPlatforms) = postSolution
		{81BB3922-A08B-4883-B07E-C08AA251B58B}.Debug|Any CPU.ActiveCfg = Debug|Any CPU
		{81BB3922-A08B-4883-B07E-C08AA251B58B}.Debug|Any CPU.Build.0 = Debug|Any CPU
		{81BB3922-A08B-4883-B07E-C08AA251B58B}.Release|Any CPU.ActiveCfg = Release|Any CPU
		{81BB3922-A08B-4883-B07E-C08AA251B58B}.Release|Any CPU.Build.0 = Release|Any CPU
	EndGlobalSection
	GlobalSection(SolutionProperties) = preSolution
		HideSolutionNode = FALSE
	EndGlobalSection
	GlobalSection(ExtensibilityGlobals) = postSolution
		SolutionGuid = {9AD55B82-4890-458F-B1E7-D9D6838CD492}
	EndGlobalSection
EndGlobal
